{
  "nodes": {
    "brew-src": {
      "flake": false,
      "locked": {
        "lastModified": 1789661079,
        "narHash": "sha256-geVTQ51PGZ1mLULM5k7wO7qt/6xenOR/YG8X7Q3eCaI=",
        "owner": "Homebrew",
        "repo": "brew",
        "rev": "edb70f031e4170c780799633a1226ff73e1077f4",
        "type": "github"
      },
      "original": {
        "owner": "Homebrew",
        "ref": "7.0.4",
        "repo": "brew",
        "type": "github"
      }
    },
    "homebrew-cask": {
      "flake": false,
      "locked": {
        "lastModified": 1791536188,
        "narHash": "sha256-8mO6/Ryj8AMTWEfjaFfHC0pOrrZ0ui6pSQos1/bNTFY=",
        "owner": "homebrew",
        "repo": "homebrew-cask",
        "rev": "9c8f254d2c65094e9e30421fde904da7fc10cf9f",
        "type": "github"
      },
      "original": {
        "owner": "homebrew",
        "repo": "homebrew-cask",
        "type": "github"
      }
    },
    "homebrew-core": {
      "flake": false,
      "locked": {
        "lastModified": 1791538446,
        "narHash": "sha256-fT0zfoVrNq4f7ElXEUUR9Al6DkfoQ2TW4FHSY4jM4V0=",
        "owner": "homebrew",
        "repo": "homebrew-core",
        "rev": "96a1819ba83c1daa8cb273e3e6fc740a27b394e2",
        "type": "github"
      },
      "original": {
        "owner": "homebrew",
        "repo": "homebrew-core",
        "type": "github"
      }
    },
    "homebrew-gcenx": {
      "flake": false,
      "locked": {
        "lastModified": 1790294087,
        "narHash": "sha256-qaNGX2yVRAr5+GQnHr1AmXWBciap9hU1iHV8R8jQHX0=",
        "owner": "gcenx",
        "repo": "homebrew-wine",
        "rev": "f5bd24f0d90edb887c3f4ca8d078dee285bf8838",
        "type": "github"
      },
      "original": {
        "owner": "gcenx",
        "repo": "homebrew-wine",
        "type": "github"
      }
    },
    "homebrew-speedtest": {
      "flake": false,
      "locked": {
        "lastModified": 1660162552,
        "narHash": "sha256-IaVzg2Nw02RXXz0hmWHP5oq94aAN4Qn6+Y1dC+k+JVM=",
        "owner": "teamookla",
        "repo": "homebrew-speedtest",
        "rev": "1ff487f465bb01c3007c0bc17f1f793244ee2eaa",
        "type": "github"
      },
      "original": {
        "owner": "teamookla",
        "repo": "homebrew-speedtest",
        "type": "github"
      }
    },
    "homebrew-typewhisper": {
      "flake": false,
      "locked": {
        "lastModified": 1791287576,
        "narHash": "sha256-kGOI8nm3vQiSsJo7YTjg7xZYNY1RJaTVlok2ix2pNJM=",
        "owner": "typewhisper",
        "repo": "homebrew-tap",
        "rev": "a56eeddcb83fa87729717a37559ffec10cff76ba",
        "type": "github"
      },
      "original": {
        "owner": "typewhisper",
        "repo": "homebrew-tap",
        "type": "github"
      }
    },
    "nix-homebrew": {
      "inputs": {
        "brew-src": "brew-src"
      },
      "locked": {
        "lastModified": 1789928041,
        "narHash": "sha256-iV37ieTcE4ZLOYEe0VznW6dWMBe4lEL8AbK1vblyZGM=",
        "owner": "zhaofengli",
        "repo": "nix-homebrew",
        "rev": "c11cccfdd36dd69b5323d70d354b2853379c2426",
        "type": "github"
      },
      "original": {
        "owner": "zhaofengli",
        "repo": "nix-homebrew",
        "type": "github"
      }
    },
    "root": {
      "inputs": {
        "homebrew-cask": "homebrew-cask",
        "homebrew-core": "homebrew-core",
        "homebrew-gcenx": "homebrew-gcenx",
        "homebrew-speedtest": "homebrew-speedtest",
        "homebrew-typewhisper": "homebrew-typewhisper",
        "nix-homebrew": "nix-homebrew"
      }
    }
  },
  "root": "root",
  "version": 7
}
