{
  "nodes": {
    "brew-src": {
      "flake": false,
      "locked": {
        "lastModified": 1789661079,
        "narHash": "sha256-geVTQ51PGZ1mLULM5k7wO7qt/6xenOR/YG8X7Q3eCaI=",
        "owner": "Homebrew",
        "repo": "brew",
        "rev": "edb70f031e4170c780799633a1226ff73e1077f4",
        "type": "github"
      },
      "original": {
        "owner": "Homebrew",
        "ref": "7.0.4",
        "repo": "brew",
        "type": "github"
      }
    },
    "homebrew-cask": {
      "flake": false,
      "locked": {
        "lastModified": 1790145873,
        "narHash": "sha256-w1RHx8o66xE+qXEoU9aH6wk+bQvyYBR6LtfxeJXpVM8=",
        "owner": "homebrew",
        "repo": "homebrew-cask",
        "rev": "80f9506900ccd7a2edec271b7bfc5ecddf7699bd",
        "type": "github"
      },
      "original": {
        "owner": "homebrew",
        "repo": "homebrew-cask",
        "type": "github"
      }
    },
    "homebrew-core": {
      "flake": false,
      "locked": {
        "lastModified": 1790147205,
        "narHash": "sha256-WXialRFaaXzDUCEqg9i1w6lWdKseKDGwXWaooEKqstw=",
        "owner": "homebrew",
        "repo": "homebrew-core",
        "rev": "c56e77fd956210008a9bc32c59029d4eb339b71d",
        "type": "github"
      },
      "original": {
        "owner": "homebrew",
        "repo": "homebrew-core",
        "type": "github"
      }
    },
    "homebrew-gcenx": {
      "flake": false,
      "locked": {
        "lastModified": 1788672746,
        "narHash": "sha256-grfoNPHgUQU0uFf2pqL9+jUhjLoxuQtPoMpKsbyO2XQ=",
        "owner": "gcenx",
        "repo": "homebrew-wine",
        "rev": "27210873925b96fb743a311af2f588f85a050075",
        "type": "github"
      },
      "original": {
        "owner": "gcenx",
        "repo": "homebrew-wine",
        "type": "github"
      }
    },
    "homebrew-speedtest": {
      "flake": false,
      "locked": {
        "lastModified": 1660162552,
        "narHash": "sha256-IaVzg2Nw02RXXz0hmWHP5oq94aAN4Qn6+Y1dC+k+JVM=",
        "owner": "teamookla",
        "repo": "homebrew-speedtest",
        "rev": "1ff487f465bb01c3007c0bc17f1f793244ee2eaa",
        "type": "github"
      },
      "original": {
        "owner": "teamookla",
        "repo": "homebrew-speedtest",
        "type": "github"
      }
    },
    "homebrew-typewhisper": {
      "flake": false,
      "locked": {
        "lastModified": 1789554412,
        "narHash": "sha256-ccM5+isZ4TdSo2kWc5tgam9kbwCTuc5F9mrqK1vH0eQ=",
        "owner": "typewhisper",
        "repo": "homebrew-tap",
        "rev": "528f4ca9c965a11d0f18b0766f3e19378304f12f",
        "type": "github"
      },
      "original": {
        "owner": "typewhisper",
        "repo": "homebrew-tap",
        "type": "github"
      }
    },
    "nix-homebrew": {
      "inputs": {
        "brew-src": "brew-src"
      },
      "locked": {
        "lastModified": 1789928041,
        "narHash": "sha256-iV37ieTcE4ZLOYEe0VznW6dWMBe4lEL8AbK1vblyZGM=",
        "owner": "zhaofengli",
        "repo": "nix-homebrew",
        "rev": "c11cccfdd36dd69b5323d70d354b2853379c2426",
        "type": "github"
      },
      "original": {
        "owner": "zhaofengli",
        "repo": "nix-homebrew",
        "type": "github"
      }
    },
    "root": {
      "inputs": {
        "homebrew-cask": "homebrew-cask",
        "homebrew-core": "homebrew-core",
        "homebrew-gcenx": "homebrew-gcenx",
        "homebrew-speedtest": "homebrew-speedtest",
        "homebrew-typewhisper": "homebrew-typewhisper",
        "nix-homebrew": "nix-homebrew"
      }
    }
  },
  "root": "root",
  "version": 7
}
