{
  "nodes": {
    "home-manager": {
      "flake": false,
      "locked": {
        "lastModified": 1,
        "narHash": "sha256-LpmV5CKLCsO8/icht45kM+F47yiZSplqdqbEKlJzEdU=",
        "path": "../../lib/stub",
        "type": "path"
      },
      "original": {
        "path": "../../lib/stub",
        "type": "path"
      }
    },
    "nixpkgs": {
      "flake": false,
      "locked": {
        "lastModified": 1,
        "narHash": "sha256-LpmV5CKLCsO8/icht45kM+F47yiZSplqdqbEKlJzEdU=",
        "path": "../../lib/stub",
        "type": "path"
      },
      "original": {
        "path": "../../lib/stub",
        "type": "path"
      }
    },
    "plasma-manager": {
      "inputs": {
        "home-manager": [
          "home-manager"
        ],
        "nixpkgs": [
          "nixpkgs"
        ]
      },
      "locked": {
        "lastModified": 1785762349,
        "narHash": "sha256-jZhZkzAwc7f3exzcTDJWP2WCAchCv0iNC3UF/QsahdQ=",
        "owner": "nix-community",
        "repo": "plasma-manager",
        "rev": "a19a2a029fa180911bd89c554dca1616e10f4c1d",
        "type": "github"
      },
      "original": {
        "owner": "nix-community",
        "repo": "plasma-manager",
        "type": "github"
      }
    },
    "root": {
      "inputs": {
        "home-manager": "home-manager",
        "nixpkgs": "nixpkgs",
        "plasma-manager": "plasma-manager"
      }
    }
  },
  "root": "root",
  "version": 7
}
